// !$*UTF8*$!
{
	archiveVersion = 1;
	classes = {
	};
	objectVersion = 46;
	objects = {

/* Begin PBXBuildFile section */
		7475F34A1F07DB1A0012C2FA /* Location.swift in Sources */ = {isa = PBXBuildFile; fileRef = 7475F3491F07DB1A0012C2FA /* Location.swift */; };
		7475F34C1F07DC960012C2FA /* PhotoVC.swift in Sources */ = {isa = PBXBuildFile; fileRef = 7475F34B1F07DC960012C2FA /* PhotoVC.swift */; };
		7475F34E1F07EB840012C2FA /* FlickrManager.swift in Sources */ = {isa = PBXBuildFile; fileRef = 7475F34D1F07EB840012C2FA /* FlickrManager.swift */; };
		7475F3511F07EED50012C2FA /* Loading.swift in Sources */ = {isa = PBXBuildFile; fileRef = 7475F3501F07EED50012C2FA /* Loading.swift */; };
		74E1CEEA1F07CFDC0091A0E3 /* AppDelegate.swift in Sources */ = {isa = PBXBuildFile; fileRef = 74E1CEE91F07CFDC0091A0E3 /* AppDelegate.swift */; };
		74E1CEEF1F07CFDC0091A0E3 /* Main.storyboard in Resources */ = {isa = PBXBuildFile; fileRef = 74E1CEED1F07CFDC0091A0E3 /* Main.storyboard */; };
		74E1CEF21F07CFDC0091A0E3 /* VirtualTourist.xcdatamodeld in Sources */ = {isa = PBXBuildFile; fileRef = 74E1CEF01F07CFDC0091A0E3 /* VirtualTourist.xcdatamodeld */; };
		74E1CEF41F07CFDC0091A0E3 /* Assets.xcassets in Resources */ = {isa = PBXBuildFile; fileRef = 74E1CEF31F07CFDC0091A0E3 /* Assets.xcassets */; };
		74E1CEF71F07CFDC0091A0E3 /* LaunchScreen.storyboard in Resources */ = {isa = PBXBuildFile; fileRef = 74E1CEF51F07CFDC0091A0E3 /* LaunchScreen.storyboard */; };
		74E1CEFF1F07D2010091A0E3 /* MapVC.swift in Sources */ = {isa = PBXBuildFile; fileRef = 74E1CEFE1F07D2010091A0E3 /* MapVC.swift */; };
/* End PBXBuildFile section */

/* Begin PBXFileReference section */
		7475F3491F07DB1A0012C2FA /* Location.swift */ = {isa = PBXFileReference; fileEncoding = 4; lastKnownFileType = sourcecode.swift; path = Location.swift; sourceTree = "<group>"; };
		7475F34B1F07DC960012C2FA /* PhotoVC.swift */ = {isa = PBXFileReference; fileEncoding = 4; lastKnownFileType = sourcecode.swift; path = PhotoVC.swift; sourceTree = "<group>"; };
		7475F34D1F07EB840012C2FA /* FlickrManager.swift */ = {isa = PBXFileReference; fileEncoding = 4; lastKnownFileType = sourcecode.swift; path = FlickrManager.swift; sourceTree = "<group>"; };
		7475F3501F07EED50012C2FA /* Loading.swift */ = {isa = PBXFileReference; fileEncoding = 4; lastKnownFileType = sourcecode.swift; path = Loading.swift; sourceTree = "<group>"; };
		74E1CEE61F07CFDC0091A0E3 /* VirtualTourist.app */ = {isa = PBXFileReference; explicitFileType = wrapper.application; includeInIndex = 0; path = VirtualTourist.app; sourceTree = BUILT_PRODUCTS_DIR; };
		74E1CEE91F07CFDC0091A0E3 /* AppDelegate.swift */ = {isa = PBXFileReference; lastKnownFileType = sourcecode.swift; path = AppDelegate.swift; sourceTree = "<group>"; };
		74E1CEEE1F07CFDC0091A0E3 /* Base */ = {isa = PBXFileReference; lastKnownFileType = file.storyboard; name = Base; path = Base.lproj/Main.storyboard; sourceTree = "<group>"; };
		74E1CEF11F07CFDC0091A0E3 /* VirtualTourist.xcdatamodel */ = {isa = PBXFileReference; lastKnownFileType = wrapper.xcdatamodel; path = VirtualTourist.xcdatamodel; sourceTree = "<group>"; };
		74E1CEF31F07CFDC0091A0E3 /* Assets.xcassets */ = {isa = PBXFileReference; lastKnownFileType = folder.assetcatalog; path = Assets.xcassets; sourceTree = "<group>"; };
		74E1CEF61F07CFDC0091A0E3 /* Base */ = {isa = PBXFileReference; lastKnownFileType = file.storyboard; name = Base; path = Base.lproj/LaunchScreen.storyboard; sourceTree = "<group>"; };
		74E1CEF81F07CFDC0091A0E3 /* Info.plist */ = {isa = PBXFileReference; lastKnownFileType = text.plist.xml; path = Info.plist; sourceTree = "<group>"; };
		74E1CEFE1F07D2010091A0E3 /* MapVC.swift */ = {isa = PBXFileReference; fileEncoding = 4; lastKnownFileType = sourcecode.swift; path = MapVC.swift; sourceTree = "<group>"; };
/* End PBXFileReference section */

/* Begin PBXFrameworksBuildPhase section */
		74E1CEE31F07CFDC0091A0E3 /* Frameworks */ = {
			isa = PBXFrameworksBuildPhase;
			buildActionMask = 2147483647;
			files = (
			);
			runOnlyForDeploymentPostprocessing = 0;
		};
/* End PBXFrameworksBuildPhase section */

/* Begin PBXGroup section */
		7475F3401F07D4570012C2FA /* View */ = {
			isa = PBXGroup;
			children = (
			);
			name = View;
			sourceTree = "<group>";
		};
		7475F3451F07D46C0012C2FA /* Model */ = {
			isa = PBXGroup;
			children = (
				7475F3491F07DB1A0012C2FA /* Location.swift */,
			);
			name = Model;
			sourceTree = "<group>";
		};
		7475F3461F07D4760012C2FA /* Controller */ = {
			isa = PBXGroup;
			children = (
				74E1CEFE1F07D2010091A0E3 /* MapVC.swift */,
				7475F34B1F07DC960012C2FA /* PhotoVC.swift */,
			);
			name = Controller;
			sourceTree = "<group>";
		};
		7475F3471F07D47E0012C2FA /* Utilities */ = {
			isa = PBXGroup;
			children = (
				74E1CEE91F07CFDC0091A0E3 /* AppDelegate.swift */,
				7475F34D1F07EB840012C2FA /* FlickrManager.swift */,
				7475F3501F07EED50012C2FA /* Loading.swift */,
			);
			name = Utilities;
			sourceTree = "<group>";
		};
		7475F3481F07D49E0012C2FA /* Resources */ = {
			isa = PBXGroup;
			children = (
				74E1CEF01F07CFDC0091A0E3 /* VirtualTourist.xcdatamodeld */,
				74E1CEF31F07CFDC0091A0E3 /* Assets.xcassets */,
				74E1CEF81F07CFDC0091A0E3 /* Info.plist */,
				74E1CEF51F07CFDC0091A0E3 /* LaunchScreen.storyboard */,
				74E1CEED1F07CFDC0091A0E3 /* Main.storyboard */,
			);
			name = Resources;
			sourceTree = "<group>";
		};
		74E1CEDD1F07CFDC0091A0E3 = {
			isa = PBXGroup;
			children = (
				74E1CEE81F07CFDC0091A0E3 /* VirtualTourist */,
				74E1CEE71F07CFDC0091A0E3 /* Products */,
			);
			sourceTree = "<group>";
		};
		74E1CEE71F07CFDC0091A0E3 /* Products */ = {
			isa = PBXGroup;
			children = (
				74E1CEE61F07CFDC0091A0E3 /* VirtualTourist.app */,
			);
			name = Products;
			sourceTree = "<group>";
		};
		74E1CEE81F07CFDC0091A0E3 /* VirtualTourist */ = {
			isa = PBXGroup;
			children = (
				7475F3451F07D46C0012C2FA /* Model */,
				7475F3401F07D4570012C2FA /* View */,
				7475F3461F07D4760012C2FA /* Controller */,
				7475F3471F07D47E0012C2FA /* Utilities */,
				7475F3481F07D49E0012C2FA /* Resources */,
			);
			path = VirtualTourist;
			sourceTree = "<group>";
		};
/* End PBXGroup section */

/* Begin PBXNativeTarget section */
		74E1CEE51F07CFDC0091A0E3 /* VirtualTourist */ = {
			isa = PBXNativeTarget;
			buildConfigurationList = 74E1CEFB1F07CFDC0091A0E3 /* Build configuration list for PBXNativeTarget "VirtualTourist" */;
			buildPhases = (
				74E1CEE21F07CFDC0091A0E3 /* Sources */,
				74E1CEE31F07CFDC0091A0E3 /* Frameworks */,
				74E1CEE41F07CFDC0091A0E3 /* Resources */,
			);
			buildRules = (
			);
			dependencies = (
			);
			name = VirtualTourist;
			productName = VirtualTourist;
			productReference = 74E1CEE61F07CFDC0091A0E3 /* VirtualTourist.app */;
			productType = "com.apple.product-type.application";
		};
/* End PBXNativeTarget section */

/* Begin PBXProject section */
		74E1CEDE1F07CFDC0091A0E3 /* Project object */ = {
			isa = PBXProject;
			attributes = {
				LastSwiftUpdateCheck = 0830;
				LastUpgradeCheck = 0830;
				ORGANIZATIONNAME = "Daniel Legler";
				TargetAttributes = {
					74E1CEE51F07CFDC0091A0E3 = {
						CreatedOnToolsVersion = 8.3.3;
						DevelopmentTeam = NZ4TW8FFF3;
						ProvisioningStyle = Automatic;
					};
				};
			};
			buildConfigurationList = 74E1CEE11F07CFDC0091A0E3 /* Build configuration list for PBXProject "VirtualTourist" */;
			compatibilityVersion = "Xcode 3.2";
			developmentRegion = English;
			hasScannedForEncodings = 0;
			knownRegions = (
				en,
				Base,
			);
			mainGroup = 74E1CEDD1F07CFDC0091A0E3;
			productRefGroup = 74E1CEE71F07CFDC0091A0E3 /* Products */;
			projectDirPath = "";
			projectRoot = "";
			targets = (
				74E1CEE51F07CFDC0091A0E3 /* VirtualTourist */,
			);
		};
/* End PBXProject section */

/* Begin PBXResourcesBuildPhase section */
		74E1CEE41F07CFDC0091A0E3 /* Resources */ = {
			isa = PBXResourcesBuildPhase;
			buildActionMask = 2147483647;
			files = (
				74E1CEF71F07CFDC0091A0E3 /* LaunchScreen.storyboard in Resources */,
				74E1CEF41F07CFDC0091A0E3 /* Assets.xcassets in Resources */,
				74E1CEEF1F07CFDC0091A0E3 /* Main.storyboard in Resources */,
			);
			runOnlyForDeploymentPostprocessing = 0;
		};
/* End PBXResourcesBuildPhase section */

/* Begin PBXSourcesBuildPhase section */
		74E1CEE21F07CFDC0091A0E3 /* Sources */ = {
			isa = PBXSourcesBuildPhase;
			buildActionMask = 2147483647;
			files = (
				74E1CEFF1F07D2010091A0E3 /* MapVC.swift in Sources */,
				74E1CEEA1F07CFDC0091A0E3 /* AppDelegate.swift in Sources */,
				7475F34A1F07DB1A0012C2FA /* Location.swift in Sources */,
				7475F34C1F07DC960012C2FA /* PhotoVC.swift in Sources */,
				7475F3511F07EED50012C2FA /* Loading.swift in Sources */,
				7475F34E1F07EB840012C2FA /* FlickrManager.swift in Sources */,
				74E1CEF21F07CFDC0091A0E3 /* VirtualTourist.xcdatamodeld in Sources */,
			);
			runOnlyForDeploymentPostprocessing = 0;
		};
/* End PBXSourcesBuildPhase section */

/* Begin PBXVariantGroup section */
		74E1CEED1F07CFDC0091A0E3 /* Main.storyboard */ = {
			isa = PBXVariantGroup;
			children = (
				74E1CEEE1F07CFDC0091A0E3 /* Base */,
			);
			name = Main.storyboard;
			sourceTree = "<group>";
		};
		74E1CEF51F07CFDC0091A0E3 /* LaunchScreen.storyboard */ = {
			isa = PBXVariantGroup;
			children = (
				74E1CEF61F07CFDC0091A0E3 /* Base */,
			);
			name = LaunchScreen.storyboard;
			sourceTree = "<group>";
		};
/* End PBXVariantGroup section */

/* Begin XCBuildConfiguration section */
		74E1CEF91F07CFDC0091A0E3 /* Debug */ = {
			isa = XCBuildConfiguration;
			buildSettings = {
				ALWAYS_SEARCH_USER_PATHS = NO;
				CLANG_ANALYZER_NONNULL = YES;
				CLANG_ANALYZER_NUMBER_OBJECT_CONVERSION = YES_AGGRESSIVE;
				CLANG_CXX_LANGUAGE_STANDARD = "gnu++0x";
				CLANG_CXX_LIBRARY = "libc++";
				CLANG_ENABLE_MODULES = YES;
				CLANG_ENABLE_OBJC_ARC = YES;
				CLANG_WARN_BOOL_CONVERSION = YES;
				CLANG_WARN_CONSTANT_CONVERSION = YES;
				CLANG_WARN_DIRECT_OBJC_ISA_USAGE = YES_ERROR;
				CLANG_WARN_DOCUMENTATION_COMMENTS = YES;
				CLANG_WARN_EMPTY_BODY = YES;
				CLANG_WARN_ENUM_CONVERSION = YES;
				CLANG_WARN_INFINITE_RECURSION = YES;
				CLANG_WARN_INT_CONVERSION = YES;
				CLANG_WARN_OBJC_ROOT_CLASS = YES_ERROR;
				CLANG_WARN_SUSPICIOUS_MOVE = YES;
				CLANG_WARN_UNREACHABLE_CODE = YES;
				CLANG_WARN__DUPLICATE_METHOD_MATCH = YES;
				"CODE_SIGN_IDENTITY[sdk=iphoneos*]" = "iPhone Developer";
				COPY_PHASE_STRIP = NO;
				DEBUG_INFORMATION_FORMAT = dwarf;
				ENABLE_STRICT_OBJC_MSGSEND = YES;
				ENABLE_TESTABILITY = YES;
				GCC_C_LANGUAGE_STANDARD = gnu99;
				GCC_DYNAMIC_NO_PIC = NO;
				GCC_NO_COMMON_BLOCKS = YES;
				GCC_OPTIMIZATION_LEVEL = 0;
				GCC_PREPROCESSOR_DEFINITIONS = (
					"DEBUG=1",
					"$(inherited)",
				);
				GCC_WARN_64_TO_32_BIT_CONVERSION = YES;
				GCC_WARN_ABOUT_RETURN_TYPE = YES_ERROR;
				GCC_WARN_UNDECLARED_SELECTOR = YES;
				GCC_WARN_UNINITIALIZED_AUTOS = YES_AGGRESSIVE;
				GCC_WARN_UNUSED_FUNCTION = YES;
				GCC_WARN_UNUSED_VARIABLE = YES;
				IPHONEOS_DEPLOYMENT_TARGET = 10.3;
				MTL_ENABLE_DEBUG_INFO = YES;
				ONLY_ACTIVE_ARCH = YES;
				SDKROOT = iphoneos;
				SWIFT_ACTIVE_COMPILATION_CONDITIONS = DEBUG;
				SWIFT_OPTIMIZATION_LEVEL = "-Onone";
			};
			name = Debug;
		};
		74E1CEFA1F07CFDC0091A0E3 /* Release */ = {
			isa = XCBuildConfiguration;
			buildSettings = {
				ALWAYS_SEARCH_USER_PATHS = NO;
				CLANG_ANALYZER_NONNULL = YES;
				CLANG_ANALYZER_NUMBER_OBJECT_CONVERSION = YES_AGGRESSIVE;
				CLANG_CXX_LANGUAGE_STANDARD = "gnu++0x";
				CLANG_CXX_LIBRARY = "libc++";
				CLANG_ENABLE_MODULES = YES;
				CLANG_ENABLE_OBJC_ARC = YES;
				CLANG_WARN_BOOL_CONVERSION = YES;
				CLANG_WARN_CONSTANT_CONVERSION = YES;
				CLANG_WARN_DIRECT_OBJC_ISA_USAGE = YES_ERROR;
				CLANG_WARN_DOCUMENTATION_COMMENTS = YES;
				CLANG_WARN_EMPTY_BODY = YES;
				CLANG_WARN_ENUM_CONVERSION = YES;
				CLANG_WARN_INFINITE_RECURSION = YES;
				CLANG_WARN_INT_CONVERSION = YES;
				CLANG_WARN_OBJC_ROOT_CLASS = YES_ERROR;
				CLANG_WARN_SUSPICIOUS_MOVE = YES;
				CLANG_WARN_UNREACHABLE_CODE = YES;
				CLANG_WARN__DUPLICATE_METHOD_MATCH = YES;
				"CODE_SIGN_IDENTITY[sdk=iphoneos*]" = "iPhone Developer";
				COPY_PHASE_STRIP = NO;
				DEBUG_INFORMATION_FORMAT = "dwarf-with-dsym";
				ENABLE_NS_ASSERTIONS = NO;
				ENABLE_STRICT_OBJC_MSGSEND = YES;
				GCC_C_LANGUAGE_STANDARD = gnu99;
				GCC_NO_COMMON_BLOCKS = YES;
				GCC_WARN_64_TO_32_BIT_CONVERSION = YES;
				GCC_WARN_ABOUT_RETURN_TYPE = YES_ERROR;
				GCC_WARN_UNDECLARED_SELECTOR = YES;
				GCC_WARN_UNINITIALIZED_AUTOS = YES_AGGRESSIVE;
				GCC_WARN_UNUSED_FUNCTION = YES;
				GCC_WARN_UNUSED_VARIABLE = YES;
				IPHONEOS_DEPLOYMENT_TARGET = 10.3;
				MTL_ENABLE_DEBUG_INFO = NO;
				SDKROOT = iphoneos;
				SWIFT_OPTIMIZATION_LEVEL = "-Owholemodule";
				VALIDATE_PRODUCT = YES;
			};
			name = Release;
		};
		74E1CEFC1F07CFDC0091A0E3 /* Debug */ = {
			isa = XCBuildConfiguration;
			buildSettings = {
				ASSETCATALOG_COMPILER_APPICON_NAME = AppIcon;
				DEVELOPMENT_TEAM = NZ4TW8FFF3;
				INFOPLIST_FILE = VirtualTourist/Info.plist;
				LD_RUNPATH_SEARCH_PATHS = "$(inherited) @executable_path/Frameworks";
				PRODUCT_BUNDLE_IDENTIFIER = Legler.VirtualTourist;
				PRODUCT_NAME = "$(TARGET_NAME)";
				SWIFT_VERSION = 3.0;
			};
			name = Debug;
		};
		74E1CEFD1F07CFDC0091A0E3 /* Release */ = {
			isa = XCBuildConfiguration;
			buildSettings = {
				ASSETCATALOG_COMPILER_APPICON_NAME = AppIcon;
				DEVELOPMENT_TEAM = NZ4TW8FFF3;
				INFOPLIST_FILE = VirtualTourist/Info.plist;
				LD_RUNPATH_SEARCH_PATHS = "$(inherited) @executable_path/Frameworks";
				PRODUCT_BUNDLE_IDENTIFIER = Legler.VirtualTourist;
				PRODUCT_NAME = "$(TARGET_NAME)";
				SWIFT_VERSION = 3.0;
			};
			name = Release;
		};
/* End XCBuildConfiguration section */

/* Begin XCConfigurationList section */
		74E1CEE11F07CFDC0091A0E3 /* Build configuration list for PBXProject "VirtualTourist" */ = {
			isa = XCConfigurationList;
			buildConfigurations = (
				74E1CEF91F07CFDC0091A0E3 /* Debug */,
				74E1CEFA1F07CFDC0091A0E3 /* Release */,
			);
			defaultConfigurationIsVisible = 0;
			defaultConfigurationName = Release;
		};
		74E1CEFB1F07CFDC0091A0E3 /* Build configuration list for PBXNativeTarget "VirtualTourist" */ = {
			isa = XCConfigurationList;
			buildConfigurations = (
				74E1CEFC1F07CFDC0091A0E3 /* Debug */,
				74E1CEFD1F07CFDC0091A0E3 /* Release */,
			);
			defaultConfigurationIsVisible = 0;
			defaultConfigurationName = Release;
		};
/* End XCConfigurationList section */

/* Begin XCVersionGroup section */
		74E1CEF01F07CFDC0091A0E3 /* VirtualTourist.xcdatamodeld */ = {
			isa = XCVersionGroup;
			children = (
				74E1CEF11F07CFDC0091A0E3 /* VirtualTourist.xcdatamodel */,
			);
			currentVersion = 74E1CEF11F07CFDC0091A0E3 /* VirtualTourist.xcdatamodel */;
			path = VirtualTourist.xcdatamodeld;
			sourceTree = "<group>";
			versionGroupType = wrapper.xcdatamodel;
		};
/* End XCVersionGroup section */
	};
	rootObject = 74E1CEDE1F07CFDC0091A0E3 /* Project object */;
}
